
Microsoft Visual Studio Solution File, Format Version 12.00
# Visual Studio Version 16
VisualStudioVersion = 16.0.33927.289
MinimumVisualStudioVersion = 10.0.40219.1
Project("{2150E333-8FDC-42A3-9474-1A3956D46DE8}") = "Task0", "Task0", "{FAF9EEDD-CBD1-4365-9DDA-5EE478A3D7B9}"
EndProject
Project("{FAE04EC0-301F-11D3-BF4B-00C04F79EFBC}") = "Tyuiu.UleevRI.Sprint2.Task0.V3", "Tyuiu.UleevRI.Sprint2.Task0.V3\Tyuiu.UleevRI.Sprint2.Task0.V3.csproj", "{D154E957-44BC-4A45-A781-548C8A819000}"
EndProject
Project("{FAE04EC0-301F-11D3-BF4B-00C04F79EFBC}") = "Tyuiu.UleevRI.Sprint2.Task0.V3.Lib", "Tyuiu.UleevRI.Sprint2.Task0.V3.Lib\Tyuiu.UleevRI.Sprint2.Task0.V3.Lib.csproj", "{483ABCCE-94FE-4C87-887F-14BC5D85672B}"
EndProject
Project("{FAE04EC0-301F-11D3-BF4B-00C04F79EFBC}") = "Tyuiu.UleevRI.Sprint2.Task0.V3.Test", "Tyuiu.UleevRI.Sprint2.Task0.V3.Test\Tyuiu.UleevRI.Sprint2.Task0.V3.Test.csproj", "{496E2EF5-DD3B-4C79-98D3-F45EFD078B17}"
EndProject
Project("{2150E333-8FDC-42A3-9474-1A3956D46DE8}") = "Task1", "Task1", "{AC53DFD4-2C29-422A-A7DD-185077641D7F}"
EndProject
Project("{FAE04EC0-301F-11D3-BF4B-00C04F79EFBC}") = "Tyuiu.UleevRI.Sprint2.Task1.V7", "Tyuiu.UleevRI.Sprint2.Task1.V7\Tyuiu.UleevRI.Sprint2.Task1.V7.csproj", "{9F30EC2B-3D58-40CD-9EDA-21F711AC8A2A}"
EndProject
Project("{FAE04EC0-301F-11D3-BF4B-00C04F79EFBC}") = "Tyuiu.UleevRI.Sprint2.Task1.V7.Lib", "Tyuiu.UleevRI.Sprint2.Task1.V7.Lib\Tyuiu.UleevRI.Sprint2.Task1.V7.Lib.csproj", "{352E26D1-B93F-4E25-8F90-46D6BCAEDF19}"
EndProject
Project("{FAE04EC0-301F-11D3-BF4B-00C04F79EFBC}") = "Tyuiu.UleevRI.Sprint2.Task1.V7.Test", "Tyuiu.UleevRI.Sprint2.Task1.V7.Test\Tyuiu.UleevRI.Sprint2.Task1.V7.Test.csproj", "{6CB68422-3507-4F7C-A7E5-D15A9C7A60B1}"
EndProject
Project("{2150E333-8FDC-42A3-9474-1A3956D46DE8}") = "Task2", "Task2", "{074A5361-B222-42BB-A06B-7D55D123FBF9}"
EndProject
Project("{FAE04EC0-301F-11D3-BF4B-00C04F79EFBC}") = "Tyuiu.UleevRI.Sprint2.Task2.V8", "Tyuiu.UleevRI.Sprint2.Task2.V8\Tyuiu.UleevRI.Sprint2.Task2.V8.csproj", "{C7F62ADF-4C59-414F-B9C3-0C886A610E5A}"
EndProject
Project("{FAE04EC0-301F-11D3-BF4B-00C04F79EFBC}") = "Tyuiu.UleevRI.Sprint2.Task2.V8.Lib", "Tyuiu.UleevRI.Sprint2.Task2.V8.Lib\Tyuiu.UleevRI.Sprint2.Task2.V8.Lib.csproj", "{D9DF08B3-5F8C-4EEB-82B7-DAF565F7907C}"
EndProject
Project("{FAE04EC0-301F-11D3-BF4B-00C04F79EFBC}") = "Tyuiu.UleevRI.Sprint2.Task2.V8.Test", "Tyuiu.UleevRI.Sprint2.Task2.V8.Test\Tyuiu.UleevRI.Sprint2.Task2.V8.Test.csproj", "{A9EC2ABB-88F9-4FC5-B7F8-6D7547EA6FB2}"
EndProject
Project("{2150E333-8FDC-42A3-9474-1A3956D46DE8}") = "Task3", "Task3", "{647EA989-FBBB-463D-A650-F4F24DC08D11}"
EndProject
Project("{FAE04EC0-301F-11D3-BF4B-00C04F79EFBC}") = "Tyuiu.UleevRI.Sprint2.Task3.V11", "Tyuiu.UleevRI.Sprint2.Task3.V11\Tyuiu.UleevRI.Sprint2.Task3.V11.csproj", "{CFB98AA6-4C9A-4356-A2C6-540E0784F17B}"
EndProject
Project("{FAE04EC0-301F-11D3-BF4B-00C04F79EFBC}") = "Tyuiu.UleevRI.Sprint2.Task3.V11.Lib", "Tyuiu.UleevRI.Sprint2.Task3.V11.Lib\Tyuiu.UleevRI.Sprint2.Task3.V11.Lib.csproj", "{200AFFD1-427F-4BD4-AFDD-97EFACA0EBB0}"
EndProject
Project("{FAE04EC0-301F-11D3-BF4B-00C04F79EFBC}") = "Tyuiu.UleevRI.Sprint2.Task3.V11.Test", "Tyuiu.UleevRI.Sprint2.Task3.V11.Test\Tyuiu.UleevRI.Sprint2.Task3.V11.Test.csproj", "{904A77AC-BA22-4FC2-92DF-CF3F6C8B35F8}"
EndProject
Global
	GlobalSection(SolutionConfigurationPlatforms) = preSolution
		Debug|Any CPU = Debug|Any CPU
		Release|Any CPU = Release|Any CPU
	EndGlobalSection
	GlobalSection(ProjectConfigurationPlatforms) = postSolution
		{D154E957-44BC-4A45-A781-548C8A819000}.Debug|Any CPU.ActiveCfg = Debug|Any CPU
		{D154E957-44BC-4A45-A781-548C8A819000}.Debug|Any CPU.Build.0 = Debug|Any CPU
		{D154E957-44BC-4A45-A781-548C8A819000}.Release|Any CPU.ActiveCfg = Release|Any CPU
		{D154E957-44BC-4A45-A781-548C8A819000}.Release|Any CPU.Build.0 = Release|Any CPU
		{483ABCCE-94FE-4C87-887F-14BC5D85672B}.Debug|Any CPU.ActiveCfg = Debug|Any CPU
		{483ABCCE-94FE-4C87-887F-14BC5D85672B}.Debug|Any CPU.Build.0 = Debug|Any CPU
		{483ABCCE-94FE-4C87-887F-14BC5D85672B}.Release|Any CPU.ActiveCfg = Release|Any CPU
		{483ABCCE-94FE-4C87-887F-14BC5D85672B}.Release|Any CPU.Build.0 = Release|Any CPU
		{496E2EF5-DD3B-4C79-98D3-F45EFD078B17}.Debug|Any CPU.ActiveCfg = Debug|Any CPU
		{496E2EF5-DD3B-4C79-98D3-F45EFD078B17}.Debug|Any CPU.Build.0 = Debug|Any CPU
		{496E2EF5-DD3B-4C79-98D3-F45EFD078B17}.Release|Any CPU.ActiveCfg = Release|Any CPU
		{496E2EF5-DD3B-4C79-98D3-F45EFD078B17}.Release|Any CPU.Build.0 = Release|Any CPU
		{9F30EC2B-3D58-40CD-9EDA-21F711AC8A2A}.Debug|Any CPU.ActiveCfg = Debug|Any CPU
		{9F30EC2B-3D58-40CD-9EDA-21F711AC8A2A}.Debug|Any CPU.Build.0 = Debug|Any CPU
		{9F30EC2B-3D58-40CD-9EDA-21F711AC8A2A}.Release|Any CPU.ActiveCfg = Release|Any CPU
		{9F30EC2B-3D58-40CD-9EDA-21F711AC8A2A}.Release|Any CPU.Build.0 = Release|Any CPU
		{352E26D1-B93F-4E25-8F90-46D6BCAEDF19}.Debug|Any CPU.ActiveCfg = Debug|Any CPU
		{352E26D1-B93F-4E25-8F90-46D6BCAEDF19}.Debug|Any CPU.Build.0 = Debug|Any CPU
		{352E26D1-B93F-4E25-8F90-46D6BCAEDF19}.Release|Any CPU.ActiveCfg = Release|Any CPU
		{352E26D1-B93F-4E25-8F90-46D6BCAEDF19}.Release|Any CPU.Build.0 = Release|Any CPU
		{6CB68422-3507-4F7C-A7E5-D15A9C7A60B1}.Debug|Any CPU.ActiveCfg = Debug|Any CPU
		{6CB68422-3507-4F7C-A7E5-D15A9C7A60B1}.Debug|Any CPU.Build.0 = Debug|Any CPU
		{6CB68422-3507-4F7C-A7E5-D15A9C7A60B1}.Release|Any CPU.ActiveCfg = Release|Any CPU
		{6CB68422-3507-4F7C-A7E5-D15A9C7A60B1}.Release|Any CPU.Build.0 = Release|Any CPU
		{C7F62ADF-4C59-414F-B9C3-0C886A610E5A}.Debug|Any CPU.ActiveCfg = Debug|Any CPU
		{C7F62ADF-4C59-414F-B9C3-0C886A610E5A}.Debug|Any CPU.Build.0 = Debug|Any CPU
		{C7F62ADF-4C59-414F-B9C3-0C886A610E5A}.Release|Any CPU.ActiveCfg = Release|Any CPU
		{C7F62ADF-4C59-414F-B9C3-0C886A610E5A}.Release|Any CPU.Build.0 = Release|Any CPU
		{D9DF08B3-5F8C-4EEB-82B7-DAF565F7907C}.Debug|Any CPU.ActiveCfg = Debug|Any CPU
		{D9DF08B3-5F8C-4EEB-82B7-DAF565F7907C}.Debug|Any CPU.Build.0 = Debug|Any CPU
		{D9DF08B3-5F8C-4EEB-82B7-DAF565F7907C}.Release|Any CPU.ActiveCfg = Release|Any CPU
		{D9DF08B3-5F8C-4EEB-82B7-DAF565F7907C}.Release|Any CPU.Build.0 = Release|Any CPU
		{A9EC2ABB-88F9-4FC5-B7F8-6D7547EA6FB2}.Debug|Any CPU.ActiveCfg = Debug|Any CPU
		{A9EC2ABB-88F9-4FC5-B7F8-6D7547EA6FB2}.Debug|Any CPU.Build.0 = Debug|Any CPU
		{A9EC2ABB-88F9-4FC5-B7F8-6D7547EA6FB2}.Release|Any CPU.ActiveCfg = Release|Any CPU
		{A9EC2ABB-88F9-4FC5-B7F8-6D7547EA6FB2}.Release|Any CPU.Build.0 = Release|Any CPU
		{CFB98AA6-4C9A-4356-A2C6-540E0784F17B}.Debug|Any CPU.ActiveCfg = Debug|Any CPU
		{CFB98AA6-4C9A-4356-A2C6-540E0784F17B}.Debug|Any CPU.Build.0 = Debug|Any CPU
		{CFB98AA6-4C9A-4356-A2C6-540E0784F17B}.Release|Any CPU.ActiveCfg = Release|Any CPU
		{CFB98AA6-4C9A-4356-A2C6-540E0784F17B}.Release|Any CPU.Build.0 = Release|Any CPU
		{200AFFD1-427F-4BD4-AFDD-97EFACA0EBB0}.Debug|Any CPU.ActiveCfg = Debug|Any CPU
		{200AFFD1-427F-4BD4-AFDD-97EFACA0EBB0}.Debug|Any CPU.Build.0 = Debug|Any CPU
		{200AFFD1-427F-4BD4-AFDD-97EFACA0EBB0}.Release|Any CPU.ActiveCfg = Release|Any CPU
		{200AFFD1-427F-4BD4-AFDD-97EFACA0EBB0}.Release|Any CPU.Build.0 = Release|Any CPU
		{904A77AC-BA22-4FC2-92DF-CF3F6C8B35F8}.Debug|Any CPU.ActiveCfg = Debug|Any CPU
		{904A77AC-BA22-4FC2-92DF-CF3F6C8B35F8}.Debug|Any CPU.Build.0 = Debug|Any CPU
		{904A77AC-BA22-4FC2-92DF-CF3F6C8B35F8}.Release|Any CPU.ActiveCfg = Release|Any CPU
		{904A77AC-BA22-4FC2-92DF-CF3F6C8B35F8}.Release|Any CPU.Build.0 = Release|Any CPU
	EndGlobalSection
	GlobalSection(SolutionProperties) = preSolution
		HideSolutionNode = FALSE
	EndGlobalSection
	GlobalSection(NestedProjects) = preSolution
		{D154E957-44BC-4A45-A781-548C8A819000} = {FAF9EEDD-CBD1-4365-9DDA-5EE478A3D7B9}
		{483ABCCE-94FE-4C87-887F-14BC5D85672B} = {FAF9EEDD-CBD1-4365-9DDA-5EE478A3D7B9}
		{496E2EF5-DD3B-4C79-98D3-F45EFD078B17} = {FAF9EEDD-CBD1-4365-9DDA-5EE478A3D7B9}
		{9F30EC2B-3D58-40CD-9EDA-21F711AC8A2A} = {AC53DFD4-2C29-422A-A7DD-185077641D7F}
		{352E26D1-B93F-4E25-8F90-46D6BCAEDF19} = {AC53DFD4-2C29-422A-A7DD-185077641D7F}
		{6CB68422-3507-4F7C-A7E5-D15A9C7A60B1} = {AC53DFD4-2C29-422A-A7DD-185077641D7F}
		{C7F62ADF-4C59-414F-B9C3-0C886A610E5A} = {074A5361-B222-42BB-A06B-7D55D123FBF9}
		{D9DF08B3-5F8C-4EEB-82B7-DAF565F7907C} = {074A5361-B222-42BB-A06B-7D55D123FBF9}
		{A9EC2ABB-88F9-4FC5-B7F8-6D7547EA6FB2} = {074A5361-B222-42BB-A06B-7D55D123FBF9}
		{CFB98AA6-4C9A-4356-A2C6-540E0784F17B} = {647EA989-FBBB-463D-A650-F4F24DC08D11}
		{200AFFD1-427F-4BD4-AFDD-97EFACA0EBB0} = {647EA989-FBBB-463D-A650-F4F24DC08D11}
		{904A77AC-BA22-4FC2-92DF-CF3F6C8B35F8} = {647EA989-FBBB-463D-A650-F4F24DC08D11}
	EndGlobalSection
	GlobalSection(ExtensibilityGlobals) = postSolution
		SolutionGuid = {A00348A0-AB24-4AFD-B0AF-1C2136F8A71F}
	EndGlobalSection
EndGlobal
